{
    "version": 3,
    "terraform_version": "0.11.7",
    "serial": 26,
    "lineage": "cda969ab-c0bc-b842-a9bb-82bb3582837a",
    "modules": [
        {
            "path": [
                "root"
            ],
            "outputs": {},
            "resources": {
                "data.aws_availability_zones.available": {
                    "type": "aws_availability_zones",
                    "depends_on": [],
                    "primary": {
                        "id": "2018-06-03 03:50:34.023142 +0000 UTC",
                        "attributes": {
                            "id": "2018-06-03 03:50:34.023142 +0000 UTC",
                            "names.#": "3",
                            "names.0": "us-west-2a",
                            "names.1": "us-west-2b",
                            "names.2": "us-west-2c"
                        },
                        "meta": {},
                        "tainted": false
                    },
                    "deposed": [],
                    "provider": "provider.aws"
                }
            },
            "depends_on": []
        },
        {
            "path": [
                "root",
                "aws_AutoScale_module"
            ],
            "outputs": {},
            "resources": {},
            "depends_on": []
        },
        {
            "path": [
                "root",
                "aws_EC2_module"
            ],
            "outputs": {},
            "resources": {
                "aws_instance.test": {
                    "type": "aws_instance",
                    "depends_on": [],
                    "primary": {
                        "id": "i-01fe9b0156173ec8e",
                        "attributes": {
                            "ami": "ami-db710fa3",
                            "associate_public_ip_address": "true",
                            "availability_zone": "us-west-2b",
                            "credit_specification.#": "1",
                            "credit_specification.0.cpu_credits": "standard",
                            "disable_api_termination": "false",
                            "ebs_block_device.#": "0",
                            "ebs_optimized": "false",
                            "ephemeral_block_device.#": "0",
                            "get_password_data": "false",
                            "iam_instance_profile": "",
                            "id": "i-01fe9b0156173ec8e",
                            "instance_state": "running",
                            "instance_type": "t2.micro",
                            "ipv6_addresses.#": "0",
                            "key_name": "",
                            "monitoring": "false",
                            "network_interface.#": "0",
                            "network_interface_id": "eni-3621a10e",
                            "password_data": "",
                            "placement_group": "",
                            "primary_network_interface_id": "eni-3621a10e",
                            "private_dns": "ip-172-31-22-162.us-west-2.compute.internal",
                            "private_ip": "172.31.22.162",
                            "public_dns": "ec2-34-220-151-110.us-west-2.compute.amazonaws.com",
                            "public_ip": "34.220.151.110",
                            "root_block_device.#": "1",
                            "root_block_device.0.delete_on_termination": "true",
                            "root_block_device.0.iops": "100",
                            "root_block_device.0.volume_id": "vol-07cb75515c396836e",
                            "root_block_device.0.volume_size": "8",
                            "root_block_device.0.volume_type": "gp2",
                            "security_groups.#": "1",
                            "security_groups.3814588639": "default",
                            "source_dest_check": "true",
                            "subnet_id": "subnet-2fc6f748",
                            "tags.%": "0",
                            "tenancy": "default",
                            "volume_tags.%": "0",
                            "vpc_security_group_ids.#": "1",
                            "vpc_security_group_ids.3673209568": "sg-f993a082"
                        },
                        "meta": {
                            "e2bfb730-ecaa-11e6-8f88-34363bc7c4c0": {
                                "create": 600000000000,
                                "delete": 1200000000000,
                                "update": 600000000000
                            },
                            "schema_version": "1"
                        },
                        "tainted": false
                    },
                    "deposed": [],
                    "provider": "provider.aws"
                }
            },
            "depends_on": []
        },
        {
            "path": [
                "root",
                "aws_S3_module"
            ],
            "outputs": {},
            "resources": {
                "aws_s3_bucket.b": {
                    "type": "aws_s3_bucket",
                    "depends_on": [],
                    "primary": {
                        "id": "mcg-testbucket-1",
                        "attributes": {
                            "acceleration_status": "",
                            "acl": "private",
                            "arn": "arn:aws:s3:::mcg-testbucket-1",
                            "bucket": "mcg-testbucket-1",
                            "bucket_domain_name": "mcg-testbucket-1.s3.amazonaws.com",
                            "force_destroy": "false",
                            "hosted_zone_id": "Z3BJ6K6RIION7M",
                            "id": "mcg-testbucket-1",
                            "logging.#": "0",
                            "region": "us-west-2",
                            "replication_configuration.#": "0",
                            "request_payer": "BucketOwner",
                            "server_side_encryption_configuration.#": "0",
                            "tags.%": "0",
                            "versioning.#": "1",
                            "versioning.0.enabled": "false",
                            "versioning.0.mfa_delete": "false",
                            "website.#": "0"
                        },
                        "meta": {},
                        "tainted": false
                    },
                    "deposed": [],
                    "provider": "provider.aws"
                }
            },
            "depends_on": []
        },
        {
            "path": [
                "root",
                "aws_AutoScale_module",
                "aws_AutoScale_module"
            ],
            "outputs": {},
            "resources": {
                "null_resource.tags_as_list_of_maps.0": {
                    "type": "null_resource",
                    "depends_on": [],
                    "primary": {
                        "id": "3885980815992428472",
                        "attributes": {
                            "id": "3885980815992428472",
                            "triggers.%": "3",
                            "triggers.key": "extra_tag1",
                            "triggers.propagate_at_launch": "true",
                            "triggers.value": "extra_value1"
                        },
                        "meta": {},
                        "tainted": false
                    },
                    "deposed": [],
                    "provider": "provider.null"
                },
                "null_resource.tags_as_list_of_maps.1": {
                    "type": "null_resource",
                    "depends_on": [],
                    "primary": {
                        "id": "7344823098951180204",
                        "attributes": {
                            "id": "7344823098951180204",
                            "triggers.%": "3",
                            "triggers.key": "extra_tag2",
                            "triggers.propagate_at_launch": "true",
                            "triggers.value": "extra_value2"
                        },
                        "meta": {},
                        "tainted": false
                    },
                    "deposed": [],
                    "provider": "provider.null"
                }
            },
            "depends_on": []
        }
    ]
}
