{
    "version": 3,
    "terraform_version": "0.11.7",
    "serial": 20,
    "lineage": "cda969ab-c0bc-b842-a9bb-82bb3582837a",
    "modules": [
        {
            "path": [
                "root"
            ],
            "outputs": {},
            "resources": {},
            "depends_on": []
        },
        {
            "path": [
                "root",
                "aws_EC2_module"
            ],
            "outputs": {},
            "resources": {
                "aws_instance.test": {
                    "type": "aws_instance",
                    "depends_on": [],
                    "primary": {
                        "id": "i-0966f7950c7ef9136",
                        "attributes": {
                            "ami": "ami-db710fa3",
                            "associate_public_ip_address": "true",
                            "availability_zone": "us-west-2b",
                            "credit_specification.#": "1",
                            "credit_specification.0.cpu_credits": "standard",
                            "disable_api_termination": "false",
                            "ebs_block_device.#": "0",
                            "ebs_optimized": "false",
                            "ephemeral_block_device.#": "0",
                            "get_password_data": "false",
                            "iam_instance_profile": "",
                            "id": "i-0966f7950c7ef9136",
                            "instance_state": "running",
                            "instance_type": "t2.micro",
                            "ipv6_addresses.#": "0",
                            "key_name": "",
                            "monitoring": "false",
                            "network_interface.#": "0",
                            "network_interface_id": "eni-2cc54214",
                            "password_data": "",
                            "placement_group": "",
                            "primary_network_interface_id": "eni-2cc54214",
                            "private_dns": "ip-172-31-25-165.us-west-2.compute.internal",
                            "private_ip": "172.31.25.165",
                            "public_dns": "ec2-54-200-126-242.us-west-2.compute.amazonaws.com",
                            "public_ip": "54.200.126.242",
                            "root_block_device.#": "1",
                            "root_block_device.0.delete_on_termination": "true",
                            "root_block_device.0.iops": "100",
                            "root_block_device.0.volume_id": "vol-04e97985f3ffbc830",
                            "root_block_device.0.volume_size": "8",
                            "root_block_device.0.volume_type": "gp2",
                            "security_groups.#": "1",
                            "security_groups.3814588639": "default",
                            "source_dest_check": "true",
                            "subnet_id": "subnet-2fc6f748",
                            "tags.%": "0",
                            "tenancy": "default",
                            "volume_tags.%": "0",
                            "vpc_security_group_ids.#": "1",
                            "vpc_security_group_ids.3673209568": "sg-f993a082"
                        },
                        "meta": {
                            "e2bfb730-ecaa-11e6-8f88-34363bc7c4c0": {
                                "create": 600000000000,
                                "delete": 1200000000000,
                                "update": 600000000000
                            },
                            "schema_version": "1"
                        },
                        "tainted": false
                    },
                    "deposed": [],
                    "provider": "provider.aws"
                }
            },
            "depends_on": []
        },
        {
            "path": [
                "root",
                "aws_S3_module"
            ],
            "outputs": {},
            "resources": {},
            "depends_on": []
        }
    ]
}
