{
    "version": 3,
    "terraform_version": "0.11.7",
    "serial": 17,
    "lineage": "cda969ab-c0bc-b842-a9bb-82bb3582837a",
    "modules": [
        {
            "path": [
                "root"
            ],
            "outputs": {},
            "resources": {
                "aws_instance.test": {
                    "type": "aws_instance",
                    "depends_on": [],
                    "primary": {
                        "id": "i-0177eceea27d789b5",
                        "attributes": {
                            "ami": "ami-db710fa3",
                            "associate_public_ip_address": "true",
                            "availability_zone": "us-west-2b",
                            "credit_specification.#": "1",
                            "credit_specification.0.cpu_credits": "standard",
                            "disable_api_termination": "false",
                            "ebs_block_device.#": "0",
                            "ebs_optimized": "false",
                            "ephemeral_block_device.#": "0",
                            "get_password_data": "false",
                            "iam_instance_profile": "",
                            "id": "i-0177eceea27d789b5",
                            "instance_state": "running",
                            "instance_type": "t2.micro",
                            "ipv6_addresses.#": "0",
                            "key_name": "",
                            "monitoring": "false",
                            "network_interface.#": "0",
                            "network_interface_id": "eni-c38a37fb",
                            "password_data": "",
                            "placement_group": "",
                            "primary_network_interface_id": "eni-c38a37fb",
                            "private_dns": "ip-172-31-26-18.us-west-2.compute.internal",
                            "private_ip": "172.31.26.18",
                            "public_dns": "ec2-18-236-187-62.us-west-2.compute.amazonaws.com",
                            "public_ip": "18.236.187.62",
                            "root_block_device.#": "1",
                            "root_block_device.0.delete_on_termination": "true",
                            "root_block_device.0.iops": "100",
                            "root_block_device.0.volume_id": "vol-0dbc0309e6ec4ad39",
                            "root_block_device.0.volume_size": "8",
                            "root_block_device.0.volume_type": "gp2",
                            "security_groups.#": "1",
                            "security_groups.3814588639": "default",
                            "source_dest_check": "true",
                            "subnet_id": "subnet-2fc6f748",
                            "tags.%": "0",
                            "tenancy": "default",
                            "volume_tags.%": "0",
                            "vpc_security_group_ids.#": "1",
                            "vpc_security_group_ids.3673209568": "sg-f993a082"
                        },
                        "meta": {
                            "e2bfb730-ecaa-11e6-8f88-34363bc7c4c0": {
                                "create": 600000000000,
                                "delete": 1200000000000,
                                "update": 600000000000
                            },
                            "schema_version": "1"
                        },
                        "tainted": false
                    },
                    "deposed": [],
                    "provider": "provider.aws"
                }
            },
            "depends_on": []
        },
        {
            "path": [
                "root",
                "website"
            ],
            "outputs": {
                "hostname": {
                    "sensitive": false,
                    "type": "string",
                    "value": "hkby.docs.prod.cloudposse.org"
                },
                "s3_bucket_arn": {
                    "sensitive": false,
                    "type": "string",
                    "value": "arn:aws:s3:::hkby.docs.prod.cloudposse.org"
                },
                "s3_bucket_domain_name": {
                    "sensitive": false,
                    "type": "string",
                    "value": "hkby.docs.prod.cloudposse.org.s3.amazonaws.com"
                },
                "s3_bucket_hosted_zone_id": {
                    "sensitive": false,
                    "type": "string",
                    "value": "Z3BJ6K6RIION7M"
                },
                "s3_bucket_name": {
                    "sensitive": false,
                    "type": "string",
                    "value": "hkby.docs.prod.cloudposse.org"
                },
                "s3_bucket_website_domain": {
                    "sensitive": false,
                    "type": "string",
                    "value": "s3-website-us-west-2.amazonaws.com"
                },
                "s3_bucket_website_endpoint": {
                    "sensitive": false,
                    "type": "string",
                    "value": "hkby.docs.prod.cloudposse.org.s3-website-us-west-2.amazonaws.com"
                }
            },
            "resources": {
                "aws_s3_bucket.default": {
                    "type": "aws_s3_bucket",
                    "depends_on": [
                        "module.default_label",
                        "module.logs"
                    ],
                    "primary": {
                        "id": "hkby.docs.prod.cloudposse.org",
                        "attributes": {
                            "acceleration_status": "",
                            "acl": "public-read",
                            "arn": "arn:aws:s3:::hkby.docs.prod.cloudposse.org",
                            "bucket": "hkby.docs.prod.cloudposse.org",
                            "bucket_domain_name": "hkby.docs.prod.cloudposse.org.s3.amazonaws.com",
                            "cors_rule.#": "1",
                            "cors_rule.0.allowed_headers.#": "1",
                            "cors_rule.0.allowed_headers.0": "*",
                            "cors_rule.0.allowed_methods.#": "1",
                            "cors_rule.0.allowed_methods.0": "GET",
                            "cors_rule.0.allowed_origins.#": "1",
                            "cors_rule.0.allowed_origins.0": "*",
                            "cors_rule.0.expose_headers.#": "1",
                            "cors_rule.0.expose_headers.0": "ETag",
                            "cors_rule.0.max_age_seconds": "3600",
                            "force_destroy": "false",
                            "hosted_zone_id": "Z3BJ6K6RIION7M",
                            "id": "hkby.docs.prod.cloudposse.org",
                            "lifecycle_rule.#": "1",
                            "lifecycle_rule.0.abort_incomplete_multipart_upload_days": "0",
                            "lifecycle_rule.0.enabled": "false",
                            "lifecycle_rule.0.expiration.#": "0",
                            "lifecycle_rule.0.id": "cp-prod-hareshkanagasabapathi12345-app-origin",
                            "lifecycle_rule.0.noncurrent_version_expiration.#": "1",
                            "lifecycle_rule.0.noncurrent_version_expiration.1315073419.days": "90",
                            "lifecycle_rule.0.noncurrent_version_transition.#": "1",
                            "lifecycle_rule.0.noncurrent_version_transition.3891883947.days": "30",
                            "lifecycle_rule.0.noncurrent_version_transition.3891883947.storage_class": "GLACIER",
                            "lifecycle_rule.0.prefix": "",
                            "lifecycle_rule.0.tags.%": "3",
                            "lifecycle_rule.0.tags.Name": "cp-prod-hareshkanagasabapathi12345-app-origin",
                            "lifecycle_rule.0.tags.Namespace": "cp",
                            "lifecycle_rule.0.tags.Stage": "prod",
                            "lifecycle_rule.0.transition.#": "0",
                            "logging.#": "1",
                            "logging.1721223021.target_bucket": "cp-prod-hareshkanagasabapathi12345-app-logs",
                            "logging.1721223021.target_prefix": "",
                            "region": "us-west-2",
                            "replication_configuration.#": "0",
                            "request_payer": "BucketOwner",
                            "server_side_encryption_configuration.#": "0",
                            "tags.%": "3",
                            "tags.Name": "cp-prod-hareshkanagasabapathi12345-app-origin",
                            "tags.Namespace": "cp",
                            "tags.Stage": "prod",
                            "versioning.#": "1",
                            "versioning.0.enabled": "false",
                            "versioning.0.mfa_delete": "false",
                            "website.#": "1",
                            "website.0.error_document": "404.html",
                            "website.0.index_document": "index.html",
                            "website.0.redirect_all_requests_to": "",
                            "website.0.routing_rules": "",
                            "website_domain": "s3-website-us-west-2.amazonaws.com",
                            "website_endpoint": "hkby.docs.prod.cloudposse.org.s3-website-us-west-2.amazonaws.com"
                        },
                        "meta": {},
                        "tainted": false
                    },
                    "deposed": [],
                    "provider": "provider.aws"
                },
                "data.aws_iam_policy_document.default": {
                    "type": "aws_iam_policy_document",
                    "depends_on": [
                        "aws_s3_bucket.default",
                        "data.aws_iam_policy_document.deployment.*",
                        "data.aws_iam_policy_document.replication.*"
                    ],
                    "primary": {
                        "id": "4101182559",
                        "attributes": {
                            "id": "4101182559",
                            "json": "{\n  \"Version\": \"2012-10-17\",\n  \"Statement\": [\n    {\n      \"Sid\": \"\",\n      \"Effect\": \"Allow\",\n      \"Action\": \"s3:GetObject\",\n      \"Resource\": \"arn:aws:s3:::hkby.docs.prod.cloudposse.org/*\",\n      \"Principal\": {\n        \"AWS\": \"*\"\n      }\n    },\n    {\n      \"Sid\": \"\",\n      \"Effect\": \"Allow\",\n      \"Action\": [\n        \"s3:PutObjectAcl\",\n        \"s3:PutObject\",\n        \"s3:ListBucketMultipartUploads\",\n        \"s3:ListBucket\",\n        \"s3:GetObject\",\n        \"s3:GetBucketLocation\",\n        \"s3:DeleteObject\",\n        \"s3:AbortMultipartUpload\"\n      ],\n      \"Resource\": [\n        \"arn:aws:s3:::hkby.docs.prod.cloudposse.org/prefix2/*\",\n        \"arn:aws:s3:::hkby.docs.prod.cloudposse.org/prefix2\",\n        \"arn:aws:s3:::hkby.docs.prod.cloudposse.org/prefix1/*\",\n        \"arn:aws:s3:::hkby.docs.prod.cloudposse.org/prefix1\"\n      ],\n      \"Principal\": {\n        \"AWS\": \"arn:aws:s3:::principal1\"\n      }\n    },\n    {\n      \"Sid\": \"\",\n      \"Effect\": \"Allow\",\n      \"Action\": [\n        \"s3:PutObjectAcl\",\n        \"s3:PutObject\",\n        \"s3:ListBucketMultipartUploads\",\n        \"s3:ListBucket\",\n        \"s3:GetObject\",\n        \"s3:GetBucketLocation\",\n        \"s3:DeleteObject\",\n        \"s3:AbortMultipartUpload\"\n      ],\n      \"Resource\": [\n        \"arn:aws:s3:::hkby.docs.prod.cloudposse.org/*\",\n        \"arn:aws:s3:::hkby.docs.prod.cloudposse.org\"\n      ],\n      \"Principal\": {\n        \"AWS\": \"arn:aws:s3:::principal2\"\n      }\n    }\n  ]\n}",
                            "statement.#": "3",
                            "statement.0.actions.#": "1",
                            "statement.0.actions.2071725391": "s3:GetObject",
                            "statement.0.condition.#": "0",
                            "statement.0.effect": "Allow",
                            "statement.0.not_actions.#": "0",
                            "statement.0.not_principals.#": "0",
                            "statement.0.not_resources.#": "0",
                            "statement.0.principals.#": "1",
                            "statement.0.principals.636693895.identifiers.#": "1",
                            "statement.0.principals.636693895.identifiers.2679715827": "*",
                            "statement.0.principals.636693895.type": "AWS",
                            "statement.0.resources.#": "1",
                            "statement.0.resources.1617892275": "arn:aws:s3:::hkby.docs.prod.cloudposse.org/*",
                            "statement.0.sid": "",
                            "statement.1.actions.#": "8",
                            "statement.1.actions.1400860598": "s3:PutObjectAcl",
                            "statement.1.actions.2071725391": "s3:GetObject",
                            "statement.1.actions.3009670498": "s3:DeleteObject",
                            "statement.1.actions.315547055": "s3:PutObject",
                            "statement.1.actions.329996733": "s3:AbortMultipartUpload",
                            "statement.1.actions.3948445924": "s3:GetBucketLocation",
                            "statement.1.actions.486976917": "s3:ListBucket",
                            "statement.1.actions.548422": "s3:ListBucketMultipartUploads",
                            "statement.1.condition.#": "0",
                            "statement.1.effect": "Allow",
                            "statement.1.not_actions.#": "0",
                            "statement.1.not_principals.#": "0",
                            "statement.1.not_resources.#": "0",
                            "statement.1.principals.#": "1",
                            "statement.1.principals.3046933349.identifiers.#": "1",
                            "statement.1.principals.3046933349.identifiers.2753291293": "arn:aws:s3:::principal1",
                            "statement.1.principals.3046933349.type": "AWS",
                            "statement.1.resources.#": "4",
                            "statement.1.resources.300592392": "arn:aws:s3:::hkby.docs.prod.cloudposse.org/prefix1",
                            "statement.1.resources.3827857640": "arn:aws:s3:::hkby.docs.prod.cloudposse.org/prefix1/*",
                            "statement.1.resources.4137539334": "arn:aws:s3:::hkby.docs.prod.cloudposse.org/prefix2/*",
                            "statement.1.resources.986185419": "arn:aws:s3:::hkby.docs.prod.cloudposse.org/prefix2",
                            "statement.1.sid": "",
                            "statement.2.actions.#": "8",
                            "statement.2.actions.1400860598": "s3:PutObjectAcl",
                            "statement.2.actions.2071725391": "s3:GetObject",
                            "statement.2.actions.3009670498": "s3:DeleteObject",
                            "statement.2.actions.315547055": "s3:PutObject",
                            "statement.2.actions.329996733": "s3:AbortMultipartUpload",
                            "statement.2.actions.3948445924": "s3:GetBucketLocation",
                            "statement.2.actions.486976917": "s3:ListBucket",
                            "statement.2.actions.548422": "s3:ListBucketMultipartUploads",
                            "statement.2.condition.#": "0",
                            "statement.2.effect": "Allow",
                            "statement.2.not_actions.#": "0",
                            "statement.2.not_principals.#": "0",
                            "statement.2.not_resources.#": "0",
                            "statement.2.principals.#": "1",
                            "statement.2.principals.139915179.identifiers.#": "1",
                            "statement.2.principals.139915179.identifiers.2402727902": "arn:aws:s3:::principal2",
                            "statement.2.principals.139915179.type": "AWS",
                            "statement.2.resources.#": "2",
                            "statement.2.resources.1617892275": "arn:aws:s3:::hkby.docs.prod.cloudposse.org/*",
                            "statement.2.resources.2192626068": "arn:aws:s3:::hkby.docs.prod.cloudposse.org",
                            "statement.2.sid": ""
                        },
                        "meta": {},
                        "tainted": false
                    },
                    "deposed": [],
                    "provider": "provider.aws"
                },
                "data.aws_iam_policy_document.deployment.0": {
                    "type": "aws_iam_policy_document",
                    "depends_on": [
                        "aws_s3_bucket.default"
                    ],
                    "primary": {
                        "id": "782042571",
                        "attributes": {
                            "id": "782042571",
                            "json": "{\n  \"Version\": \"2012-10-17\",\n  \"Statement\": [\n    {\n      \"Sid\": \"\",\n      \"Effect\": \"Allow\",\n      \"Action\": [\n        \"s3:PutObjectAcl\",\n        \"s3:PutObject\",\n        \"s3:ListBucketMultipartUploads\",\n        \"s3:ListBucket\",\n        \"s3:GetObject\",\n        \"s3:GetBucketLocation\",\n        \"s3:DeleteObject\",\n        \"s3:AbortMultipartUpload\"\n      ],\n      \"Resource\": [\n        \"arn:aws:s3:::hkby.docs.prod.cloudposse.org/prefix2/*\",\n        \"arn:aws:s3:::hkby.docs.prod.cloudposse.org/prefix2\",\n        \"arn:aws:s3:::hkby.docs.prod.cloudposse.org/prefix1/*\",\n        \"arn:aws:s3:::hkby.docs.prod.cloudposse.org/prefix1\"\n      ],\n      \"Principal\": {\n        \"AWS\": \"arn:aws:s3:::principal1\"\n      }\n    }\n  ]\n}",
                            "statement.#": "1",
                            "statement.0.actions.#": "8",
                            "statement.0.actions.1400860598": "s3:PutObjectAcl",
                            "statement.0.actions.2071725391": "s3:GetObject",
                            "statement.0.actions.3009670498": "s3:DeleteObject",
                            "statement.0.actions.315547055": "s3:PutObject",
                            "statement.0.actions.329996733": "s3:AbortMultipartUpload",
                            "statement.0.actions.3948445924": "s3:GetBucketLocation",
                            "statement.0.actions.486976917": "s3:ListBucket",
                            "statement.0.actions.548422": "s3:ListBucketMultipartUploads",
                            "statement.0.condition.#": "0",
                            "statement.0.effect": "Allow",
                            "statement.0.not_actions.#": "0",
                            "statement.0.not_principals.#": "0",
                            "statement.0.not_resources.#": "0",
                            "statement.0.principals.#": "1",
                            "statement.0.principals.3046933349.identifiers.#": "1",
                            "statement.0.principals.3046933349.identifiers.2753291293": "arn:aws:s3:::principal1",
                            "statement.0.principals.3046933349.type": "AWS",
                            "statement.0.resources.#": "4",
                            "statement.0.resources.300592392": "arn:aws:s3:::hkby.docs.prod.cloudposse.org/prefix1",
                            "statement.0.resources.3827857640": "arn:aws:s3:::hkby.docs.prod.cloudposse.org/prefix1/*",
                            "statement.0.resources.4137539334": "arn:aws:s3:::hkby.docs.prod.cloudposse.org/prefix2/*",
                            "statement.0.resources.986185419": "arn:aws:s3:::hkby.docs.prod.cloudposse.org/prefix2",
                            "statement.0.sid": ""
                        },
                        "meta": {},
                        "tainted": false
                    },
                    "deposed": [],
                    "provider": "provider.aws"
                },
                "data.aws_iam_policy_document.deployment.1": {
                    "type": "aws_iam_policy_document",
                    "depends_on": [
                        "aws_s3_bucket.default"
                    ],
                    "primary": {
                        "id": "3600034599",
                        "attributes": {
                            "id": "3600034599",
                            "json": "{\n  \"Version\": \"2012-10-17\",\n  \"Statement\": [\n    {\n      \"Sid\": \"\",\n      \"Effect\": \"Allow\",\n      \"Action\": [\n        \"s3:PutObjectAcl\",\n        \"s3:PutObject\",\n        \"s3:ListBucketMultipartUploads\",\n        \"s3:ListBucket\",\n        \"s3:GetObject\",\n        \"s3:GetBucketLocation\",\n        \"s3:DeleteObject\",\n        \"s3:AbortMultipartUpload\"\n      ],\n      \"Resource\": [\n        \"arn:aws:s3:::hkby.docs.prod.cloudposse.org/*\",\n        \"arn:aws:s3:::hkby.docs.prod.cloudposse.org\"\n      ],\n      \"Principal\": {\n        \"AWS\": \"arn:aws:s3:::principal2\"\n      }\n    }\n  ]\n}",
                            "statement.#": "1",
                            "statement.0.actions.#": "8",
                            "statement.0.actions.1400860598": "s3:PutObjectAcl",
                            "statement.0.actions.2071725391": "s3:GetObject",
                            "statement.0.actions.3009670498": "s3:DeleteObject",
                            "statement.0.actions.315547055": "s3:PutObject",
                            "statement.0.actions.329996733": "s3:AbortMultipartUpload",
                            "statement.0.actions.3948445924": "s3:GetBucketLocation",
                            "statement.0.actions.486976917": "s3:ListBucket",
                            "statement.0.actions.548422": "s3:ListBucketMultipartUploads",
                            "statement.0.condition.#": "0",
                            "statement.0.effect": "Allow",
                            "statement.0.not_actions.#": "0",
                            "statement.0.not_principals.#": "0",
                            "statement.0.not_resources.#": "0",
                            "statement.0.principals.#": "1",
                            "statement.0.principals.139915179.identifiers.#": "1",
                            "statement.0.principals.139915179.identifiers.2402727902": "arn:aws:s3:::principal2",
                            "statement.0.principals.139915179.type": "AWS",
                            "statement.0.resources.#": "2",
                            "statement.0.resources.1617892275": "arn:aws:s3:::hkby.docs.prod.cloudposse.org/*",
                            "statement.0.resources.2192626068": "arn:aws:s3:::hkby.docs.prod.cloudposse.org",
                            "statement.0.sid": ""
                        },
                        "meta": {},
                        "tainted": false
                    },
                    "deposed": [],
                    "provider": "provider.aws"
                }
            },
            "depends_on": []
        },
        {
            "path": [
                "root",
                "website",
                "default_label"
            ],
            "outputs": {
                "attributes": {
                    "sensitive": false,
                    "type": "string",
                    "value": "origin"
                },
                "id": {
                    "sensitive": false,
                    "type": "string",
                    "value": "cp-prod-hareshkanagasabapathi12345-app-origin"
                },
                "name": {
                    "sensitive": false,
                    "type": "string",
                    "value": "hareshkanagasabapathi12345-app"
                },
                "namespace": {
                    "sensitive": false,
                    "type": "string",
                    "value": "cp"
                },
                "stage": {
                    "sensitive": false,
                    "type": "string",
                    "value": "prod"
                },
                "tags": {
                    "sensitive": false,
                    "type": "map",
                    "value": {
                        "Name": "cp-prod-hareshkanagasabapathi12345-app-origin",
                        "Namespace": "cp",
                        "Stage": "prod"
                    }
                }
            },
            "resources": {
                "null_resource.default": {
                    "type": "null_resource",
                    "depends_on": [],
                    "primary": {
                        "id": "1730215082872667297",
                        "attributes": {
                            "id": "1730215082872667297",
                            "triggers.%": "5",
                            "triggers.attributes": "origin",
                            "triggers.id": "cp-prod-hareshkanagasabapathi12345-app-origin",
                            "triggers.name": "hareshkanagasabapathi12345-app",
                            "triggers.namespace": "cp",
                            "triggers.stage": "prod"
                        },
                        "meta": {},
                        "tainted": false
                    },
                    "deposed": [],
                    "provider": "provider.null"
                }
            },
            "depends_on": []
        },
        {
            "path": [
                "root",
                "website",
                "dns"
            ],
            "outputs": {
                "hostnames": {
                    "sensitive": false,
                    "type": "list",
                    "value": []
                },
                "parent_zone_id": {
                    "sensitive": false,
                    "type": "string",
                    "value": ""
                },
                "parent_zone_name": {
                    "sensitive": false,
                    "type": "string",
                    "value": ""
                }
            },
            "resources": {
                "null_resource.parent": {
                    "type": "null_resource",
                    "depends_on": [
                        "data.aws_route53_zone.parent_by_zone_id.*",
                        "data.aws_route53_zone.parent_by_zone_name.*"
                    ],
                    "primary": {
                        "id": "6131806760258849165",
                        "attributes": {
                            "id": "6131806760258849165",
                            "triggers.%": "2",
                            "triggers.zone_id": "",
                            "triggers.zone_name": ""
                        },
                        "meta": {},
                        "tainted": false
                    },
                    "deposed": [],
                    "provider": "provider.null"
                }
            },
            "depends_on": []
        },
        {
            "path": [
                "root",
                "website",
                "logs"
            ],
            "outputs": {
                "bucket_arn": {
                    "sensitive": false,
                    "type": "string",
                    "value": "arn:aws:s3:::cp-prod-hareshkanagasabapathi12345-app-logs"
                },
                "bucket_domain_name": {
                    "sensitive": false,
                    "type": "string",
                    "value": "cp-prod-hareshkanagasabapathi12345-app-logs.s3.amazonaws.com"
                },
                "bucket_id": {
                    "sensitive": false,
                    "type": "string",
                    "value": "cp-prod-hareshkanagasabapathi12345-app-logs"
                },
                "prefix": {
                    "sensitive": false,
                    "type": "string",
                    "value": ""
                }
            },
            "resources": {
                "aws_s3_bucket.default": {
                    "type": "aws_s3_bucket",
                    "depends_on": [
                        "module.default_label"
                    ],
                    "primary": {
                        "id": "cp-prod-hareshkanagasabapathi12345-app-logs",
                        "attributes": {
                            "acceleration_status": "",
                            "acl": "log-delivery-write",
                            "arn": "arn:aws:s3:::cp-prod-hareshkanagasabapathi12345-app-logs",
                            "bucket": "cp-prod-hareshkanagasabapathi12345-app-logs",
                            "bucket_domain_name": "cp-prod-hareshkanagasabapathi12345-app-logs.s3.amazonaws.com",
                            "force_destroy": "false",
                            "hosted_zone_id": "Z3BJ6K6RIION7M",
                            "id": "cp-prod-hareshkanagasabapathi12345-app-logs",
                            "lifecycle_rule.#": "1",
                            "lifecycle_rule.0.abort_incomplete_multipart_upload_days": "0",
                            "lifecycle_rule.0.enabled": "true",
                            "lifecycle_rule.0.expiration.#": "1",
                            "lifecycle_rule.0.expiration.4042355233.date": "",
                            "lifecycle_rule.0.expiration.4042355233.days": "90",
                            "lifecycle_rule.0.expiration.4042355233.expired_object_delete_marker": "false",
                            "lifecycle_rule.0.id": "cp-prod-hareshkanagasabapathi12345-app-logs",
                            "lifecycle_rule.0.noncurrent_version_expiration.#": "1",
                            "lifecycle_rule.0.noncurrent_version_expiration.1315073419.days": "90",
                            "lifecycle_rule.0.noncurrent_version_transition.#": "1",
                            "lifecycle_rule.0.noncurrent_version_transition.3891883947.days": "30",
                            "lifecycle_rule.0.noncurrent_version_transition.3891883947.storage_class": "GLACIER",
                            "lifecycle_rule.0.prefix": "",
                            "lifecycle_rule.0.tags.%": "3",
                            "lifecycle_rule.0.tags.Name": "cp-prod-hareshkanagasabapathi12345-app-logs",
                            "lifecycle_rule.0.tags.Namespace": "cp",
                            "lifecycle_rule.0.tags.Stage": "prod",
                            "lifecycle_rule.0.transition.#": "2",
                            "lifecycle_rule.0.transition.2000431762.date": "",
                            "lifecycle_rule.0.transition.2000431762.days": "30",
                            "lifecycle_rule.0.transition.2000431762.storage_class": "STANDARD_IA",
                            "lifecycle_rule.0.transition.6450812.date": "",
                            "lifecycle_rule.0.transition.6450812.days": "60",
                            "lifecycle_rule.0.transition.6450812.storage_class": "GLACIER",
                            "logging.#": "0",
                            "region": "us-west-2",
                            "replication_configuration.#": "0",
                            "request_payer": "BucketOwner",
                            "server_side_encryption_configuration.#": "1",
                            "server_side_encryption_configuration.0.rule.#": "1",
                            "server_side_encryption_configuration.0.rule.0.apply_server_side_encryption_by_default.#": "1",
                            "server_side_encryption_configuration.0.rule.0.apply_server_side_encryption_by_default.0.kms_master_key_id": "",
                            "server_side_encryption_configuration.0.rule.0.apply_server_side_encryption_by_default.0.sse_algorithm": "AES256",
                            "tags.%": "3",
                            "tags.Name": "cp-prod-hareshkanagasabapathi12345-app-logs",
                            "tags.Namespace": "cp",
                            "tags.Stage": "prod",
                            "versioning.#": "1",
                            "versioning.0.enabled": "false",
                            "versioning.0.mfa_delete": "false",
                            "website.#": "0"
                        },
                        "meta": {},
                        "tainted": false
                    },
                    "deposed": [],
                    "provider": "provider.aws"
                }
            },
            "depends_on": []
        },
        {
            "path": [
                "root",
                "website",
                "logs",
                "default_label"
            ],
            "outputs": {
                "attributes": {
                    "sensitive": false,
                    "type": "string",
                    "value": "logs"
                },
                "id": {
                    "sensitive": false,
                    "type": "string",
                    "value": "cp-prod-hareshkanagasabapathi12345-app-logs"
                },
                "name": {
                    "sensitive": false,
                    "type": "string",
                    "value": "hareshkanagasabapathi12345-app"
                },
                "namespace": {
                    "sensitive": false,
                    "type": "string",
                    "value": "cp"
                },
                "stage": {
                    "sensitive": false,
                    "type": "string",
                    "value": "prod"
                },
                "tags": {
                    "sensitive": false,
                    "type": "map",
                    "value": {
                        "Name": "cp-prod-hareshkanagasabapathi12345-app-logs",
                        "Namespace": "cp",
                        "Stage": "prod"
                    }
                }
            },
            "resources": {
                "null_resource.default": {
                    "type": "null_resource",
                    "depends_on": [],
                    "primary": {
                        "id": "5531397708410509415",
                        "attributes": {
                            "id": "5531397708410509415",
                            "triggers.%": "5",
                            "triggers.attributes": "logs",
                            "triggers.id": "cp-prod-hareshkanagasabapathi12345-app-logs",
                            "triggers.name": "hareshkanagasabapathi12345-app",
                            "triggers.namespace": "cp",
                            "triggers.stage": "prod"
                        },
                        "meta": {},
                        "tainted": false
                    },
                    "deposed": [],
                    "provider": "provider.null"
                }
            },
            "depends_on": []
        }
    ]
}
